{
  "name": "03_react_css_modules",
  "version": "0.1.0",
  "lockfileVersion": 1,
  "requires": true,
  "dependencies": {
    "hoist-non-react-statics": {
      "version": "1.2.0",
      "resolved": "https://registry.npmjs.org/hoist-non-react-statics/-/hoist-non-react-statics-1.2.0.tgz",
      "integrity": "sha1-qkSM8JhtVcxAdzsXF0t90GbLfPs="
    },
    "lodash": {
      "version": "4.17.10",
      "resolved": "https://registry.npmjs.org/lodash/-/lodash-4.17.10.tgz",
      "integrity": "sha512-UejweD1pDoXu+AD825lWwp4ZGtSwgnpZxb3JDViD7StjQz+Nb/6l093lx4OQ0foGWNRoc19mWy7BzL+UAK2iVg=="
    },
    "object-unfreeze": {
      "version": "1.1.0",
      "resolved": "https://registry.npmjs.org/object-unfreeze/-/object-unfreeze-1.1.0.tgz",
      "integrity": "sha1-aWKL6h88nSn06wumOzgALXDqPOk="
    },
    "react-css-modules": {
      "version": "3.7.10",
      "resolved": "https://registry.npmjs.org/react-css-modules/-/react-css-modules-3.7.10.tgz",
      "integrity": "sha1-MA2lYeVQ7uxevAvIx9Udd9iK4tc=",
      "requires": {
        "hoist-non-react-statics": "^1.0.5",
        "lodash": "^4.6.1",
        "object-unfreeze": "^1.0.2"
      }
    }
  }
}
